// !$*UTF8*$!
{
	archiveVersion = 1;
	classes = {
	};
	objectVersion = 46;
	objects = {

/* Begin PBXBuildFile section */
		0018CF4B1A00D4190004654C /* main.m in Sources */ = {isa = PBXBuildFile; fileRef = 0018CF4A1A00D4190004654C /* main.m */; };
		0018CF4E1A00D4190004654C /* AppDelegate.m in Sources */ = {isa = PBXBuildFile; fileRef = 0018CF4D1A00D4190004654C /* AppDelegate.m */; };
		0018CF511A00D4190004654C /* ViewController.m in Sources */ = {isa = PBXBuildFile; fileRef = 0018CF501A00D4190004654C /* ViewController.m */; };
		0018CF541A00D4190004654C /* Main.storyboard in Resources */ = {isa = PBXBuildFile; fileRef = 0018CF521A00D4190004654C /* Main.storyboard */; };
		0018CF561A00D4190004654C /* Images.xcassets in Resources */ = {isa = PBXBuildFile; fileRef = 0018CF551A00D4190004654C /* Images.xcassets */; };
		0018CF591A00D4190004654C /* LaunchScreen.xib in Resources */ = {isa = PBXBuildFile; fileRef = 0018CF571A00D4190004654C /* LaunchScreen.xib */; };
		0018CF651A00D4190004654C /* GuridTests.m in Sources */ = {isa = PBXBuildFile; fileRef = 0018CF641A00D4190004654C /* GuridTests.m */; };
/* End PBXBuildFile section */

/* Begin PBXContainerItemProxy section */
		0018CF5F1A00D4190004654C /* PBXContainerItemProxy */ = {
			isa = PBXContainerItemProxy;
			containerPortal = 0018CF3D1A00D4180004654C /* Project object */;
			proxyType = 1;
			remoteGlobalIDString = 0018CF441A00D4180004654C;
			remoteInfo = Gurid;
		};
/* End PBXContainerItemProxy section */

/* Begin PBXFileReference section */
		0018CF451A00D4190004654C /* Gurid.app */ = {isa = PBXFileReference; explicitFileType = wrapper.application; includeInIndex = 0; path = Gurid.app; sourceTree = BUILT_PRODUCTS_DIR; };
		0018CF491A00D4190004654C /* Info.plist */ = {isa = PBXFileReference; lastKnownFileType = text.plist.xml; path = Info.plist; sourceTree = "<group>"; };
		0018CF4A1A00D4190004654C /* main.m */ = {isa = PBXFileReference; lastKnownFileType = sourcecode.c.objc; path = main.m; sourceTree = "<group>"; };
		0018CF4C1A00D4190004654C /* AppDelegate.h */ = {isa = PBXFileReference; lastKnownFileType = sourcecode.c.h; path = AppDelegate.h; sourceTree = "<group>"; };
		0018CF4D1A00D4190004654C /* AppDelegate.m */ = {isa = PBXFileReference; lastKnownFileType = sourcecode.c.objc; path = AppDelegate.m; sourceTree = "<group>"; };
		0018CF4F1A00D4190004654C /* ViewController.h */ = {isa = PBXFileReference; lastKnownFileType = sourcecode.c.h; path = ViewController.h; sourceTree = "<group>"; };
		0018CF501A00D4190004654C /* ViewController.m */ = {isa = PBXFileReference; lastKnownFileType = sourcecode.c.objc; path = ViewController.m; sourceTree = "<group>"; };
		0018CF531A00D4190004654C /* Base */ = {isa = PBXFileReference; lastKnownFileType = file.storyboard; name = Base; path = Base.lproj/Main.storyboard; sourceTree = "<group>"; };
		0018CF551A00D4190004654C /* Images.xcassets */ = {isa = PBXFileReference; lastKnownFileType = folder.assetcatalog; path = Images.xcassets; sourceTree = "<group>"; };
		0018CF581A00D4190004654C /* Base */ = {isa = PBXFileReference; lastKnownFileType = file.xib; name = Base; path = Base.lproj/LaunchScreen.xib; sourceTree = "<group>"; };
		0018CF5E1A00D4190004654C /* GuridTests.xctest */ = {isa = PBXFileReference; explicitFileType = wrapper.cfbundle; includeInIndex = 0; path = GuridTests.xctest; sourceTree = BUILT_PRODUCTS_DIR; };
		0018CF631A00D4190004654C /* Info.plist */ = {isa = PBXFileReference; lastKnownFileType = text.plist.xml; path = Info.plist; sourceTree = "<group>"; };
		0018CF641A00D4190004654C /* GuridTests.m */ = {isa = PBXFileReference; lastKnownFileType = sourcecode.c.objc; path = GuridTests.m; sourceTree = "<group>"; };
/* End PBXFileReference section */

/* Begin PBXFrameworksBuildPhase section */
		0018CF421A00D4180004654C /* Frameworks */ = {
			isa = PBXFrameworksBuildPhase;
			buildActionMask = 2147483647;
			files = (
			);
			runOnlyForDeploymentPostprocessing = 0;
		};
		0018CF5B1A00D4190004654C /* Frameworks */ = {
			isa = PBXFrameworksBuildPhase;
			buildActionMask = 2147483647;
			files = (
			);
			runOnlyForDeploymentPostprocessing = 0;
		};
/* End PBXFrameworksBuildPhase section */

/* Begin PBXGroup section */
		0018CF3C1A00D4180004654C = {
			isa = PBXGroup;
			children = (
				0018CF471A00D4190004654C /* Gurid */,
				0018CF611A00D4190004654C /* GuridTests */,
				0018CF461A00D4190004654C /* Products */,
			);
			sourceTree = "<group>";
		};
		0018CF461A00D4190004654C /* Products */ = {
			isa = PBXGroup;
			children = (
				0018CF451A00D4190004654C /* Gurid.app */,
				0018CF5E1A00D4190004654C /* GuridTests.xctest */,
			);
			name = Products;
			sourceTree = "<group>";
		};
		0018CF471A00D4190004654C /* Gurid */ = {
			isa = PBXGroup;
			children = (
				0018CF4C1A00D4190004654C /* AppDelegate.h */,
				0018CF4D1A00D4190004654C /* AppDelegate.m */,
				0018CF4F1A00D4190004654C /* ViewController.h */,
				0018CF501A00D4190004654C /* ViewController.m */,
				0018CF521A00D4190004654C /* Main.storyboard */,
				0018CF551A00D4190004654C /* Images.xcassets */,
				0018CF571A00D4190004654C /* LaunchScreen.xib */,
				0018CF481A00D4190004654C /* Supporting Files */,
			);
			path = Gurid;
			sourceTree = "<group>";
		};
		0018CF481A00D4190004654C /* Supporting Files */ = {
			isa = PBXGroup;
			children = (
				0018CF491A00D4190004654C /* Info.plist */,
				0018CF4A1A00D4190004654C /* main.m */,
			);
			name = "Supporting Files";
			sourceTree = "<group>";
		};
		0018CF611A00D4190004654C /* GuridTests */ = {
			isa = PBXGroup;
			children = (
				0018CF641A00D4190004654C /* GuridTests.m */,
				0018CF621A00D4190004654C /* Supporting Files */,
			);
			path = GuridTests;
			sourceTree = "<group>";
		};
		0018CF621A00D4190004654C /* Supporting Files */ = {
			isa = PBXGroup;
			children = (
				0018CF631A00D4190004654C /* Info.plist */,
			);
			name = "Supporting Files";
			sourceTree = "<group>";
		};
/* End PBXGroup section */

/* Begin PBXNativeTarget section */
		0018CF441A00D4180004654C /* Gurid */ = {
			isa = PBXNativeTarget;
			buildConfigurationList = 0018CF681A00D4190004654C /* Build configuration list for PBXNativeTarget "Gurid" */;
			buildPhases = (
				0018CF411A00D4180004654C /* Sources */,
				0018CF421A00D4180004654C /* Frameworks */,
				0018CF431A00D4180004654C /* Resources */,
			);
			buildRules = (
			);
			dependencies = (
			);
			name = Gurid;
			productName = Gurid;
			productReference = 0018CF451A00D4190004654C /* Gurid.app */;
			productType = "com.apple.product-type.application";
		};
		0018CF5D1A00D4190004654C /* GuridTests */ = {
			isa = PBXNativeTarget;
			buildConfigurationList = 0018CF6B1A00D4190004654C /* Build configuration list for PBXNativeTarget "GuridTests" */;
			buildPhases = (
				0018CF5A1A00D4190004654C /* Sources */,
				0018CF5B1A00D4190004654C /* Frameworks */,
				0018CF5C1A00D4190004654C /* Resources */,
			);
			buildRules = (
			);
			dependencies = (
				0018CF601A00D4190004654C /* PBXTargetDependency */,
			);
			name = GuridTests;
			productName = GuridTests;
			productReference = 0018CF5E1A00D4190004654C /* GuridTests.xctest */;
			productType = "com.apple.product-type.bundle.unit-test";
		};
/* End PBXNativeTarget section */

/* Begin PBXProject section */
		0018CF3D1A00D4180004654C /* Project object */ = {
			isa = PBXProject;
			attributes = {
				LastUpgradeCheck = 0610;
				ORGANIZATIONNAME = cty;
				TargetAttributes = {
					0018CF441A00D4180004654C = {
						CreatedOnToolsVersion = 6.1;
					};
					0018CF5D1A00D4190004654C = {
						CreatedOnToolsVersion = 6.1;
						TestTargetID = 0018CF441A00D4180004654C;
					};
				};
			};
			buildConfigurationList = 0018CF401A00D4180004654C /* Build configuration list for PBXProject "Gurid" */;
			compatibilityVersion = "Xcode 3.2";
			developmentRegion = English;
			hasScannedForEncodings = 0;
			knownRegions = (
				en,
				Base,
			);
			mainGroup = 0018CF3C1A00D4180004654C;
			productRefGroup = 0018CF461A00D4190004654C /* Products */;
			projectDirPath = "";
			projectRoot = "";
			targets = (
				0018CF441A00D4180004654C /* Gurid */,
				0018CF5D1A00D4190004654C /* GuridTests */,
			);
		};
/* End PBXProject section */

/* Begin PBXResourcesBuildPhase section */
		0018CF431A00D4180004654C /* Resources */ = {
			isa = PBXResourcesBuildPhase;
			buildActionMask = 2147483647;
			files = (
				0018CF541A00D4190004654C /* Main.storyboard in Resources */,
				0018CF591A00D4190004654C /* LaunchScreen.xib in Resources */,
				0018CF561A00D4190004654C /* Images.xcassets in Resources */,
			);
			runOnlyForDeploymentPostprocessing = 0;
		};
		0018CF5C1A00D4190004654C /* Resources */ = {
			isa = PBXResourcesBuildPhase;
			buildActionMask = 2147483647;
			files = (
			);
			runOnlyForDeploymentPostprocessing = 0;
		};
/* End PBXResourcesBuildPhase section */

/* Begin PBXSourcesBuildPhase section */
		0018CF411A00D4180004654C /* Sources */ = {
			isa = PBXSourcesBuildPhase;
			buildActionMask = 2147483647;
			files = (
				0018CF511A00D4190004654C /* ViewController.m in Sources */,
				0018CF4E1A00D4190004654C /* AppDelegate.m in Sources */,
				0018CF4B1A00D4190004654C /* main.m in Sources */,
			);
			runOnlyForDeploymentPostprocessing = 0;
		};
		0018CF5A1A00D4190004654C /* Sources */ = {
			isa = PBXSourcesBuildPhase;
			buildActionMask = 2147483647;
			files = (
				0018CF651A00D4190004654C /* GuridTests.m in Sources */,
			);
			runOnlyForDeploymentPostprocessing = 0;
		};
/* End PBXSourcesBuildPhase section */

/* Begin PBXTargetDependency section */
		0018CF601A00D4190004654C /* PBXTargetDependency */ = {
			isa = PBXTargetDependency;
			target = 0018CF441A00D4180004654C /* Gurid */;
			targetProxy = 0018CF5F1A00D4190004654C /* PBXContainerItemProxy */;
		};
/* End PBXTargetDependency section */

/* Begin PBXVariantGroup section */
		0018CF521A00D4190004654C /* Main.storyboard */ = {
			isa = PBXVariantGroup;
			children = (
				0018CF531A00D4190004654C /* Base */,
			);
			name = Main.storyboard;
			sourceTree = "<group>";
		};
		0018CF571A00D4190004654C /* LaunchScreen.xib */ = {
			isa = PBXVariantGroup;
			children = (
				0018CF581A00D4190004654C /* Base */,
			);
			name = LaunchScreen.xib;
			sourceTree = "<group>";
		};
/* End PBXVariantGroup section */

/* Begin XCBuildConfiguration section */
		0018CF661A00D4190004654C /* Debug */ = {
			isa = XCBuildConfiguration;
			buildSettings = {
				ALWAYS_SEARCH_USER_PATHS = NO;
				CLANG_CXX_LANGUAGE_STANDARD = "gnu++0x";
				CLANG_CXX_LIBRARY = "libc++";
				CLANG_ENABLE_MODULES = YES;
				CLANG_ENABLE_OBJC_ARC = YES;
				CLANG_WARN_BOOL_CONVERSION = YES;
				CLANG_WARN_CONSTANT_CONVERSION = YES;
				CLANG_WARN_DIRECT_OBJC_ISA_USAGE = YES_ERROR;
				CLANG_WARN_EMPTY_BODY = YES;
				CLANG_WARN_ENUM_CONVERSION = YES;
				CLANG_WARN_INT_CONVERSION = YES;
				CLANG_WARN_OBJC_ROOT_CLASS = YES_ERROR;
				CLANG_WARN_UNREACHABLE_CODE = YES;
				CLANG_WARN__DUPLICATE_METHOD_MATCH = YES;
				"CODE_SIGN_IDENTITY[sdk=iphoneos*]" = "iPhone Developer";
				COPY_PHASE_STRIP = NO;
				ENABLE_STRICT_OBJC_MSGSEND = YES;
				GCC_C_LANGUAGE_STANDARD = gnu99;
				GCC_DYNAMIC_NO_PIC = NO;
				GCC_OPTIMIZATION_LEVEL = 0;
				GCC_PREPROCESSOR_DEFINITIONS = (
					"DEBUG=1",
					"$(inherited)",
				);
				GCC_SYMBOLS_PRIVATE_EXTERN = NO;
				GCC_WARN_64_TO_32_BIT_CONVERSION = YES;
				GCC_WARN_ABOUT_RETURN_TYPE = YES_ERROR;
				GCC_WARN_UNDECLARED_SELECTOR = YES;
				GCC_WARN_UNINITIALIZED_AUTOS = YES_AGGRESSIVE;
				GCC_WARN_UNUSED_FUNCTION = YES;
				GCC_WARN_UNUSED_VARIABLE = YES;
				IPHONEOS_DEPLOYMENT_TARGET = 8.1;
				MTL_ENABLE_DEBUG_INFO = YES;
				ONLY_ACTIVE_ARCH = YES;
				SDKROOT = iphoneos;
				TARGETED_DEVICE_FAMILY = "1,2";
			};
			name = Debug;
		};
		0018CF671A00D4190004654C /* Release */ = {
			isa = XCBuildConfiguration;
			buildSettings = {
				ALWAYS_SEARCH_USER_PATHS = NO;
				CLANG_CXX_LANGUAGE_STANDARD = "gnu++0x";
				CLANG_CXX_LIBRARY = "libc++";
				CLANG_ENABLE_MODULES = YES;
				CLANG_ENABLE_OBJC_ARC = YES;
				CLANG_WARN_BOOL_CONVERSION = YES;
				CLANG_WARN_CONSTANT_CONVERSION = YES;
				CLANG_WARN_DIRECT_OBJC_ISA_USAGE = YES_ERROR;
				CLANG_WARN_EMPTY_BODY = YES;
				CLANG_WARN_ENUM_CONVERSION = YES;
				CLANG_WARN_INT_CONVERSION = YES;
				CLANG_WARN_OBJC_ROOT_CLASS = YES_ERROR;
				CLANG_WARN_UNREACHABLE_CODE = YES;
				CLANG_WARN__DUPLICATE_METHOD_MATCH = YES;
				"CODE_SIGN_IDENTITY[sdk=iphoneos*]" = "iPhone Developer";
				COPY_PHASE_STRIP = YES;
				ENABLE_NS_ASSERTIONS = NO;
				ENABLE_STRICT_OBJC_MSGSEND = YES;
				GCC_C_LANGUAGE_STANDARD = gnu99;
				GCC_WARN_64_TO_32_BIT_CONVERSION = YES;
				GCC_WARN_ABOUT_RETURN_TYPE = YES_ERROR;
				GCC_WARN_UNDECLARED_SELECTOR = YES;
				GCC_WARN_UNINITIALIZED_AUTOS = YES_AGGRESSIVE;
				GCC_WARN_UNUSED_FUNCTION = YES;
				GCC_WARN_UNUSED_VARIABLE = YES;
				IPHONEOS_DEPLOYMENT_TARGET = 8.1;
				MTL_ENABLE_DEBUG_INFO = NO;
				SDKROOT = iphoneos;
				TARGETED_DEVICE_FAMILY = "1,2";
				VALIDATE_PRODUCT = YES;
			};
			name = Release;
		};
		0018CF691A00D4190004654C /* Debug */ = {
			isa = XCBuildConfiguration;
			buildSettings = {
				ASSETCATALOG_COMPILER_APPICON_NAME = AppIcon;
				INFOPLIST_FILE = Gurid/Info.plist;
				LD_RUNPATH_SEARCH_PATHS = "$(inherited) @executable_path/Frameworks";
				PRODUCT_NAME = "$(TARGET_NAME)";
			};
			name = Debug;
		};
		0018CF6A1A00D4190004654C /* Release */ = {
			isa = XCBuildConfiguration;
			buildSettings = {
				ASSETCATALOG_COMPILER_APPICON_NAME = AppIcon;
				INFOPLIST_FILE = Gurid/Info.plist;
				LD_RUNPATH_SEARCH_PATHS = "$(inherited) @executable_path/Frameworks";
				PRODUCT_NAME = "$(TARGET_NAME)";
			};
			name = Release;
		};
		0018CF6C1A00D4190004654C /* Debug */ = {
			isa = XCBuildConfiguration;
			buildSettings = {
				BUNDLE_LOADER = "$(TEST_HOST)";
				FRAMEWORK_SEARCH_PATHS = (
					"$(SDKROOT)/Developer/Library/Frameworks",
					"$(inherited)",
				);
				GCC_PREPROCESSOR_DEFINITIONS = (
					"DEBUG=1",
					"$(inherited)",
				);
				INFOPLIST_FILE = GuridTests/Info.plist;
				LD_RUNPATH_SEARCH_PATHS = "$(inherited) @executable_path/Frameworks @loader_path/Frameworks";
				PRODUCT_NAME = "$(TARGET_NAME)";
				TEST_HOST = "$(BUILT_PRODUCTS_DIR)/Gurid.app/Gurid";
			};
			name = Debug;
		};
		0018CF6D1A00D4190004654C /* Release */ = {
			isa = XCBuildConfiguration;
			buildSettings = {
				BUNDLE_LOADER = "$(TEST_HOST)";
				FRAMEWORK_SEARCH_PATHS = (
					"$(SDKROOT)/Developer/Library/Frameworks",
					"$(inherited)",
				);
				INFOPLIST_FILE = GuridTests/Info.plist;
				LD_RUNPATH_SEARCH_PATHS = "$(inherited) @executable_path/Frameworks @loader_path/Frameworks";
				PRODUCT_NAME = "$(TARGET_NAME)";
				TEST_HOST = "$(BUILT_PRODUCTS_DIR)/Gurid.app/Gurid";
			};
			name = Release;
		};
/* End XCBuildConfiguration section */

/* Begin XCConfigurationList section */
		0018CF401A00D4180004654C /* Build configuration list for PBXProject "Gurid" */ = {
			isa = XCConfigurationList;
			buildConfigurations = (
				0018CF661A00D4190004654C /* Debug */,
				0018CF671A00D4190004654C /* Release */,
			);
			defaultConfigurationIsVisible = 0;
			defaultConfigurationName = Release;
		};
		0018CF681A00D4190004654C /* Build configuration list for PBXNativeTarget "Gurid" */ = {
			isa = XCConfigurationList;
			buildConfigurations = (
				0018CF691A00D4190004654C /* Debug */,
				0018CF6A1A00D4190004654C /* Release */,
			);
			defaultConfigurationIsVisible = 0;
		};
		0018CF6B1A00D4190004654C /* Build configuration list for PBXNativeTarget "GuridTests" */ = {
			isa = XCConfigurationList;
			buildConfigurations = (
				0018CF6C1A00D4190004654C /* Debug */,
				0018CF6D1A00D4190004654C /* Release */,
			);
			defaultConfigurationIsVisible = 0;
		};
/* End XCConfigurationList section */
	};
	rootObject = 0018CF3D1A00D4180004654C /* Project object */;
}
